
Microsoft Visual Studio Solution File, Format Version 12.00
# Visual Studio Version 17
VisualStudioVersion = 17.14.36203.30
MinimumVisualStudioVersion = 10.0.40219.1
Project("{FAE04EC0-301F-11D3-BF4B-00C04F79EFBC}") = "LancaProj", "LancaProj\LancaProj.csproj", "{83B1C455-EEAB-4E55-9FF3-050D619D1FBD}"
EndProject
Global
	GlobalSection(SolutionConfigurationPlatforms) = preSolution
		Debug|Any CPU = Debug|Any CPU
		Release|Any CPU = Release|Any CPU
	EndGlobalSection
	GlobalSection(ProjectConfigurationPlatforms) = postSolution
		{83B1C455-EEAB-4E55-9FF3-050D619D1FBD}.Debug|Any CPU.ActiveCfg = Debug|Any CPU
		{83B1C455-EEAB-4E55-9FF3-050D619D1FBD}.Debug|Any CPU.Build.0 = Debug|Any CPU
		{83B1C455-EEAB-4E55-9FF3-050D619D1FBD}.Release|Any CPU.ActiveCfg = Release|Any CPU
		{83B1C455-EEAB-4E55-9FF3-050D619D1FBD}.Release|Any CPU.Build.0 = Release|Any CPU
	EndGlobalSection
	GlobalSection(SolutionProperties) = preSolution
		HideSolutionNode = FALSE
	EndGlobalSection
	GlobalSection(ExtensibilityGlobals) = postSolution
		SolutionGuid = {F20FAE26-8A2E-45D6-94AA-2BFB9FE33B2D}
	EndGlobalSection
EndGlobal
